# This file is automatically @generated by Cargo.
# It is not intended for manual editing.
version = 4

[[package]]
name = "bitflags"
version = "2.11.1"
source = "registry+https://github.com/rust-lang/crates.io-index"
checksum = "c4512299f36f043ab09a583e57bceb5a5aab7a73db1805848e8fef3c9e8c78b3"

[[package]]
name = "cfg-if"
version = "1.0.4"
source = "registry+https://github.com/rust-lang/crates.io-index"
checksum = "9330f8b2ff13f34540b44e946ef35111825727b38d33286ef986142615121801"

[[package]]
name = "critical-section"
version = "1.2.0"
source = "registry+https://github.com/rust-lang/crates.io-index"
checksum = "790eea4361631c5e7d22598ecd5723ff611904e3344ce8720784c93e3d83d40b"

[[package]]
name = "darling"
version = "0.20.11"
source = "registry+https://github.com/rust-lang/crates.io-index"
checksum = "fc7f46116c46ff9ab3eb1597a45688b6715c6e628b5c133e288e709a29bcb4ee"
dependencies = [
 "darling_core",
 "darling_macro",
]

[[package]]
name = "darling_core"
version = "0.20.11"
source = "registry+https://github.com/rust-lang/crates.io-index"
checksum = "0d00b9596d185e565c2207a0b01f8bd1a135483d02d9b7b0a54b11da8d53412e"
dependencies = [
 "fnv",
 "ident_case",
 "proc-macro2",
 "quote",
 "strsim",
 "syn",
]

[[package]]
name = "darling_macro"
version = "0.20.11"
source = "registry+https://github.com/rust-lang/crates.io-index"
checksum = "fc34b93ccb385b40dc71c6fceac4b2ad23662c7eeb248cf10d529b7e055b6ead"
dependencies = [
 "darling_core",
 "quote",
 "syn",
]

[[package]]
name = "document-features"
version = "0.2.12"
source = "registry+https://github.com/rust-lang/crates.io-index"
checksum = "d4b8a88685455ed29a21542a33abd9cb6510b6b129abadabdcef0f4c55bc8f61"
dependencies = [
 "litrs",
]

[[package]]
name = "embassy-executor"
version = "0.7.0"
source = "registry+https://github.com/rust-lang/crates.io-index"
checksum = "90327bcc66333a507f89ecc4e2d911b265c45f5c9bc241f98eee076752d35ac6"
dependencies = [
 "critical-section",
 "document-features",
 "embassy-executor-macros",
]

[[package]]
name = "embassy-executor-macros"
version = "0.6.2"
source = "registry+https://github.com/rust-lang/crates.io-index"
checksum = "3577b1e9446f61381179a330fc5324b01d511624c55f25e3c66c9e3c626dbecf"
dependencies = [
 "darling",
 "proc-macro2",
 "quote",
 "syn",
]

[[package]]
name = "embassy-futures"
version = "0.1.2"
source = "registry+https://github.com/rust-lang/crates.io-index"
checksum = "dc2d050bdc5c21e0862a89256ed8029ae6c290a93aecefc73084b3002cdebb01"

[[package]]
name = "fnv"
version = "1.0.7"
source = "registry+https://github.com/rust-lang/crates.io-index"
checksum = "3f9eec918d3f24069decb9af1554cad7c880e2da24a9afd88aca000531ab82c1"

[[package]]
name = "futures-core"
version = "0.3.32"
source = "registry+https://github.com/rust-lang/crates.io-index"
checksum = "7e3450815272ef58cec6d564423f6e755e25379b217b0bc688e295ba24df6b1d"

[[package]]
name = "futures-executor"
version = "0.3.32"
source = "registry+https://github.com/rust-lang/crates.io-index"
checksum = "baf29c38818342a3b26b5b923639e7b1f4a61fc5e76102d4b1981c6dc7a7579d"
dependencies = [
 "futures-core",
 "futures-task",
 "futures-util",
]

[[package]]
name = "futures-task"
version = "0.3.32"
source = "registry+https://github.com/rust-lang/crates.io-index"
checksum = "037711b3d59c33004d3856fbdc83b99d4ff37a24768fa1be9ce3538a1cde4393"

[[package]]
name = "futures-util"
version = "0.3.32"
source = "registry+https://github.com/rust-lang/crates.io-index"
checksum = "389ca41296e6190b48053de0321d02a77f32f8a5d2461dd38762c0593805c6d6"
dependencies = [
 "futures-core",
 "futures-task",
 "pin-project-lite",
 "slab",
]

[[package]]
name = "ident_case"
version = "1.0.1"
source = "registry+https://github.com/rust-lang/crates.io-index"
checksum = "b9e0384b61958566e926dc50660321d12159025e767c18e043daf26b70104c39"

[[package]]
name = "lang-c"
version = "0.15.1"
source = "registry+https://github.com/rust-lang/crates.io-index"
checksum = "720e6492b795d1f6838eb2e51879ec3073be745a20e52c32a241b80b3c8ed998"

[[package]]
name = "libc"
version = "0.2.186"
source = "registry+https://github.com/rust-lang/crates.io-index"
checksum = "68ab91017fe16c622486840e4c83c9a37afeff978bd239b5293d61ece587de66"

[[package]]
name = "litrs"
version = "1.0.0"
source = "registry+https://github.com/rust-lang/crates.io-index"
checksum = "11d3d7f243d5c5a8b9bb5d6dd2b1602c0cb0b9db1621bafc7ed66e35ff9fe092"

[[package]]
name = "lock_api"
version = "0.4.14"
source = "registry+https://github.com/rust-lang/crates.io-index"
checksum = "224399e74b87b5f3557511d98dff8b14089b3dadafcab6bb93eab67d3aace965"
dependencies = [
 "scopeguard",
]

[[package]]
name = "log"
version = "0.4.29"
source = "registry+https://github.com/rust-lang/crates.io-index"
checksum = "5e5032e24019045c762d3c0f28f5b6b8bbf38563a65908389bf7978758920897"

[[package]]
name = "minicbor"
version = "0.25.1"
source = "registry+https://github.com/rust-lang/crates.io-index"
checksum = "c0452a60c1863c1f50b5f77cd295e8d2786849f35883f0b9e18e7e6e1b5691b0"

[[package]]
name = "nrf-rpc"
version = "0.1.0"
dependencies = [
 "embassy-executor",
 "embassy-futures",
 "minicbor",
 "nrf-rpc-codegen",
 "nrf-sim-bridge",
 "serial_test",
]

[[package]]
name = "nrf-rpc-codegen"
version = "0.1.0"
dependencies = [
 "lang-c",
 "proc-macro2",
 "quote",
 "syn",
]

[[package]]
name = "nrf-sim-bridge"
version = "0.1.0"
source = "git+https://github.com/tyler-potyondy/nrf-sim-bridge#3db8e77e4039b808726d302eabab916e3d9f8f43"

[[package]]
name = "once_cell"
version = "1.21.4"
source = "registry+https://github.com/rust-lang/crates.io-index"
checksum = "9f7c3e4beb33f85d45ae3e3a1792185706c8e16d043238c593331cc7cd313b50"

[[package]]
name = "parking_lot"
version = "0.12.5"
source = "registry+https://github.com/rust-lang/crates.io-index"
checksum = "93857453250e3077bd71ff98b6a65ea6621a19bb0f559a85248955ac12c45a1a"
dependencies = [
 "lock_api",
 "parking_lot_core",
]

[[package]]
name = "parking_lot_core"
version = "0.9.12"
source = "registry+https://github.com/rust-lang/crates.io-index"
checksum = "2621685985a2ebf1c516881c026032ac7deafcda1a2c9b7850dc81e3dfcb64c1"
dependencies = [
 "cfg-if",
 "libc",
 "redox_syscall",
 "smallvec",
 "windows-link",
]

[[package]]
name = "pin-project-lite"
version = "0.2.17"
source = "registry+https://github.com/rust-lang/crates.io-index"
checksum = "a89322df9ebe1c1578d689c92318e070967d1042b512afbe49518723f4e6d5cd"

[[package]]
name = "proc-macro2"
version = "1.0.106"
source = "registry+https://github.com/rust-lang/crates.io-index"
checksum = "8fd00f0bb2e90d81d1044c2b32617f68fcb9fa3bb7640c23e9c748e53fb30934"
dependencies = [
 "unicode-ident",
]

[[package]]
name = "quote"
version = "1.0.45"
source = "registry+https://github.com/rust-lang/crates.io-index"
checksum = "41f2619966050689382d2b44f664f4bc593e129785a36d6ee376ddf37259b924"
dependencies = [
 "proc-macro2",
]

[[package]]
name = "redox_syscall"
version = "0.5.18"
source = "registry+https://github.com/rust-lang/crates.io-index"
checksum = "ed2bf2547551a7053d6fdfafda3f938979645c44812fbfcda098faae3f1a362d"
dependencies = [
 "bitflags",
]

[[package]]
name = "scc"
version = "2.4.0"
source = "registry+https://github.com/rust-lang/crates.io-index"
checksum = "46e6f046b7fef48e2660c57ed794263155d713de679057f2d0c169bfc6e756cc"
dependencies = [
 "sdd",
]

[[package]]
name = "scopeguard"
version = "1.2.0"
source = "registry+https://github.com/rust-lang/crates.io-index"
checksum = "94143f37725109f92c262ed2cf5e59bce7498c01bcc1502d7b9afe439a4e9f49"

[[package]]
name = "sdd"
version = "3.0.10"
source = "registry+https://github.com/rust-lang/crates.io-index"
checksum = "490dcfcbfef26be6800d11870ff2df8774fa6e86d047e3e8c8a76b25655e41ca"

[[package]]
name = "serial_test"
version = "3.4.0"
source = "registry+https://github.com/rust-lang/crates.io-index"
checksum = "911bd979bf1070a3f3aa7b691a3b3e9968f339ceeec89e08c280a8a22207a32f"
dependencies = [
 "futures-executor",
 "futures-util",
 "log",
 "once_cell",
 "parking_lot",
 "scc",
 "serial_test_derive",
]

[[package]]
name = "serial_test_derive"
version = "3.4.0"
source = "registry+https://github.com/rust-lang/crates.io-index"
checksum = "0a7d91949b85b0d2fb687445e448b40d322b6b3e4af6b44a29b21d9a5f33e6d9"
dependencies = [
 "proc-macro2",
 "quote",
 "syn",
]

[[package]]
name = "slab"
version = "0.4.12"
source = "registry+https://github.com/rust-lang/crates.io-index"
checksum = "0c790de23124f9ab44544d7ac05d60440adc586479ce501c1d6d7da3cd8c9cf5"

[[package]]
name = "smallvec"
version = "1.15.1"
source = "registry+https://github.com/rust-lang/crates.io-index"
checksum = "67b1b7a3b5fe4f1376887184045fcf45c69e92af734b7aaddc05fb777b6fbd03"

[[package]]
name = "strsim"
version = "0.11.1"
source = "registry+https://github.com/rust-lang/crates.io-index"
checksum = "7da8b5736845d9f2fcb837ea5d9e2628564b3b043a70948a3f0b778838c5fb4f"

[[package]]
name = "syn"
version = "2.0.117"
source = "registry+https://github.com/rust-lang/crates.io-index"
checksum = "e665b8803e7b1d2a727f4023456bbbbe74da67099c585258af0ad9c5013b9b99"
dependencies = [
 "proc-macro2",
 "quote",
 "unicode-ident",
]

[[package]]
name = "unicode-ident"
version = "1.0.24"
source = "registry+https://github.com/rust-lang/crates.io-index"
checksum = "e6e4313cd5fcd3dad5cafa179702e2b244f760991f45397d14d4ebf38247da75"

[[package]]
name = "windows-link"
version = "0.2.1"
source = "registry+https://github.com/rust-lang/crates.io-index"
checksum = "f0805222e57f7521d6a62e36fa9163bc891acd422f971defe97d64e70d0a4fe5"

[[package]]
name = "xtask"
version = "0.1.0"
dependencies = [
 "nrf-sim-bridge",
]
